
Microsoft Visual Studio Solution File, Format Version 12.00
Project("{2150E333-8FDC-42A3-9474-1A3956D46DE8}") = "src", "src", "{8C76D721-145F-4870-B5FD-37EBF161705B}"
EndProject
Project("{FAE04EC0-301F-11D3-BF4B-00C04F79EFBC}") = "Application", "src\Application\Application.csproj", "{74AEE6C7-4C77-4C7F-B441-D13BF76D1B75}"
EndProject
Project("{FAE04EC0-301F-11D3-BF4B-00C04F79EFBC}") = "Domain", "src\Domain\Domain.csproj", "{2A80B435-BF81-4E0A-B439-F6511A894D8A}"
EndProject
Project("{FAE04EC0-301F-11D3-BF4B-00C04F79EFBC}") = "API", "src\API\API.csproj", "{CCBCAB09-588F-4EFD-ACF7-AC8BD095FA83}"
EndProject
Project("{FAE04EC0-301F-11D3-BF4B-00C04F79EFBC}") = "Infrastructure", "src\Infrastructure\Infrastructure.csproj", "{504333E0-F70E-4896-BF4B-0EDB66B2A64A}"
EndProject
Project("{FAE04EC0-301F-11D3-BF4B-00C04F79EFBC}") = "Shared", "src\Shared\Shared.csproj", "{D3745D73-7D77-4031-A470-397FCC7B3CD3}"
EndProject
Global
	GlobalSection(SolutionConfigurationPlatforms) = preSolution
		Debug|Any CPU = Debug|Any CPU
		Release|Any CPU = Release|Any CPU
	EndGlobalSection
	GlobalSection(NestedProjects) = preSolution
		{74AEE6C7-4C77-4C7F-B441-D13BF76D1B75} = {8C76D721-145F-4870-B5FD-37EBF161705B}
		{2A80B435-BF81-4E0A-B439-F6511A894D8A} = {8C76D721-145F-4870-B5FD-37EBF161705B}
		{CCBCAB09-588F-4EFD-ACF7-AC8BD095FA83} = {8C76D721-145F-4870-B5FD-37EBF161705B}
		{504333E0-F70E-4896-BF4B-0EDB66B2A64A} = {8C76D721-145F-4870-B5FD-37EBF161705B}
		{D3745D73-7D77-4031-A470-397FCC7B3CD3} = {8C76D721-145F-4870-B5FD-37EBF161705B}
	EndGlobalSection
	GlobalSection(ProjectConfigurationPlatforms) = postSolution
		{74AEE6C7-4C77-4C7F-B441-D13BF76D1B75}.Debug|Any CPU.ActiveCfg = Debug|Any CPU
		{74AEE6C7-4C77-4C7F-B441-D13BF76D1B75}.Debug|Any CPU.Build.0 = Debug|Any CPU
		{74AEE6C7-4C77-4C7F-B441-D13BF76D1B75}.Release|Any CPU.ActiveCfg = Release|Any CPU
		{74AEE6C7-4C77-4C7F-B441-D13BF76D1B75}.Release|Any CPU.Build.0 = Release|Any CPU
		{2A80B435-BF81-4E0A-B439-F6511A894D8A}.Debug|Any CPU.ActiveCfg = Debug|Any CPU
		{2A80B435-BF81-4E0A-B439-F6511A894D8A}.Debug|Any CPU.Build.0 = Debug|Any CPU
		{2A80B435-BF81-4E0A-B439-F6511A894D8A}.Release|Any CPU.ActiveCfg = Release|Any CPU
		{2A80B435-BF81-4E0A-B439-F6511A894D8A}.Release|Any CPU.Build.0 = Release|Any CPU
		{CCBCAB09-588F-4EFD-ACF7-AC8BD095FA83}.Debug|Any CPU.ActiveCfg = Debug|Any CPU
		{CCBCAB09-588F-4EFD-ACF7-AC8BD095FA83}.Debug|Any CPU.Build.0 = Debug|Any CPU
		{CCBCAB09-588F-4EFD-ACF7-AC8BD095FA83}.Release|Any CPU.ActiveCfg = Release|Any CPU
		{CCBCAB09-588F-4EFD-ACF7-AC8BD095FA83}.Release|Any CPU.Build.0 = Release|Any CPU
		{504333E0-F70E-4896-BF4B-0EDB66B2A64A}.Debug|Any CPU.ActiveCfg = Debug|Any CPU
		{504333E0-F70E-4896-BF4B-0EDB66B2A64A}.Debug|Any CPU.Build.0 = Debug|Any CPU
		{504333E0-F70E-4896-BF4B-0EDB66B2A64A}.Release|Any CPU.ActiveCfg = Release|Any CPU
		{504333E0-F70E-4896-BF4B-0EDB66B2A64A}.Release|Any CPU.Build.0 = Release|Any CPU
		{D3745D73-7D77-4031-A470-397FCC7B3CD3}.Debug|Any CPU.ActiveCfg = Debug|Any CPU
		{D3745D73-7D77-4031-A470-397FCC7B3CD3}.Debug|Any CPU.Build.0 = Debug|Any CPU
		{D3745D73-7D77-4031-A470-397FCC7B3CD3}.Release|Any CPU.ActiveCfg = Release|Any CPU
		{D3745D73-7D77-4031-A470-397FCC7B3CD3}.Release|Any CPU.Build.0 = Release|Any CPU
	EndGlobalSection
EndGlobal
